
Microsoft Visual Studio Solution File, Format Version 12.00
# Visual Studio Version 17
VisualStudioVersion = 17.9.34723.18
MinimumVisualStudioVersion = 10.0.40219.1
Project("{FAE04EC0-301F-11D3-BF4B-00C04F79EFBC}") = "BEapplication", "BEapplication.csproj", "{5FD3D927-44D8-4F56-93AF-3BB0A3FFBFDC}"
EndProject
Global
	GlobalSection(SolutionConfigurationPlatforms) = preSolution
		Debug|Any CPU = Debug|Any CPU
		Release|Any CPU = Release|Any CPU
	EndGlobalSection
	GlobalSection(ProjectConfigurationPlatforms) = postSolution
		{5FD3D927-44D8-4F56-93AF-3BB0A3FFBFDC}.Debug|Any CPU.ActiveCfg = Debug|Any CPU
		{5FD3D927-44D8-4F56-93AF-3BB0A3FFBFDC}.Debug|Any CPU.Build.0 = Debug|Any CPU
		{5FD3D927-44D8-4F56-93AF-3BB0A3FFBFDC}.Release|Any CPU.ActiveCfg = Release|Any CPU
		{5FD3D927-44D8-4F56-93AF-3BB0A3FFBFDC}.Release|Any CPU.Build.0 = Release|Any CPU
	EndGlobalSection
	GlobalSection(SolutionProperties) = preSolution
		HideSolutionNode = FALSE
	EndGlobalSection
	GlobalSection(ExtensibilityGlobals) = postSolution
		SolutionGuid = {4A078E1A-93D2-46E0-A3D7-61205F680B1C}
	EndGlobalSection
EndGlobal
